
Microsoft Visual Studio Solution File, Format Version 12.00
# Visual Studio Version 16
VisualStudioVersion = 16.0.30804.86
MinimumVisualStudioVersion = 10.0.40219.1
Project("{FAE04EC0-301F-11D3-BF4B-00C04F79EFBC}") = "Data", "Data\Data.csproj", "{A5BB10F8-0BDF-48D2-9424-2675C6EF266B}"
EndProject
Project("{FAE04EC0-301F-11D3-BF4B-00C04F79EFBC}") = "Bussiness", "Bussiness\Bussiness.csproj", "{A13C3884-CE44-44B5-BF5D-62E4064D164C}"
EndProject
Project("{FAE04EC0-301F-11D3-BF4B-00C04F79EFBC}") = "Entities", "Entities\Entities.csproj", "{6B051BB1-7014-4A48-83F6-B6B5572A15D0}"
EndProject
Project("{FAE04EC0-301F-11D3-BF4B-00C04F79EFBC}") = "Presentation", "Presentation\Presentation.csproj", "{07D0A9BB-D6F2-486C-9EDF-C6FBDA1EC492}"
EndProject
Project("{FAE04EC0-301F-11D3-BF4B-00C04F79EFBC}") = "Common", "Common\Common.csproj", "{E495645E-1EDE-4A2C-8BDD-69085CCBBAA5}"
EndProject
Global
	GlobalSection(SolutionConfigurationPlatforms) = preSolution
		Debug|Any CPU = Debug|Any CPU
		Release|Any CPU = Release|Any CPU
	EndGlobalSection
	GlobalSection(ProjectConfigurationPlatforms) = postSolution
		{A5BB10F8-0BDF-48D2-9424-2675C6EF266B}.Debug|Any CPU.ActiveCfg = Debug|Any CPU
		{A5BB10F8-0BDF-48D2-9424-2675C6EF266B}.Debug|Any CPU.Build.0 = Debug|Any CPU
		{A5BB10F8-0BDF-48D2-9424-2675C6EF266B}.Release|Any CPU.ActiveCfg = Release|Any CPU
		{A5BB10F8-0BDF-48D2-9424-2675C6EF266B}.Release|Any CPU.Build.0 = Release|Any CPU
		{A13C3884-CE44-44B5-BF5D-62E4064D164C}.Debug|Any CPU.ActiveCfg = Debug|Any CPU
		{A13C3884-CE44-44B5-BF5D-62E4064D164C}.Debug|Any CPU.Build.0 = Debug|Any CPU
		{A13C3884-CE44-44B5-BF5D-62E4064D164C}.Release|Any CPU.ActiveCfg = Release|Any CPU
		{A13C3884-CE44-44B5-BF5D-62E4064D164C}.Release|Any CPU.Build.0 = Release|Any CPU
		{6B051BB1-7014-4A48-83F6-B6B5572A15D0}.Debug|Any CPU.ActiveCfg = Debug|Any CPU
		{6B051BB1-7014-4A48-83F6-B6B5572A15D0}.Debug|Any CPU.Build.0 = Debug|Any CPU
		{6B051BB1-7014-4A48-83F6-B6B5572A15D0}.Release|Any CPU.ActiveCfg = Release|Any CPU
		{6B051BB1-7014-4A48-83F6-B6B5572A15D0}.Release|Any CPU.Build.0 = Release|Any CPU
		{07D0A9BB-D6F2-486C-9EDF-C6FBDA1EC492}.Debug|Any CPU.ActiveCfg = Debug|Any CPU
		{07D0A9BB-D6F2-486C-9EDF-C6FBDA1EC492}.Debug|Any CPU.Build.0 = Debug|Any CPU
		{07D0A9BB-D6F2-486C-9EDF-C6FBDA1EC492}.Release|Any CPU.ActiveCfg = Release|Any CPU
		{07D0A9BB-D6F2-486C-9EDF-C6FBDA1EC492}.Release|Any CPU.Build.0 = Release|Any CPU
		{E495645E-1EDE-4A2C-8BDD-69085CCBBAA5}.Debug|Any CPU.ActiveCfg = Debug|Any CPU
		{E495645E-1EDE-4A2C-8BDD-69085CCBBAA5}.Debug|Any CPU.Build.0 = Debug|Any CPU
		{E495645E-1EDE-4A2C-8BDD-69085CCBBAA5}.Release|Any CPU.ActiveCfg = Release|Any CPU
		{E495645E-1EDE-4A2C-8BDD-69085CCBBAA5}.Release|Any CPU.Build.0 = Release|Any CPU
	EndGlobalSection
	GlobalSection(SolutionProperties) = preSolution
		HideSolutionNode = FALSE
	EndGlobalSection
	GlobalSection(ExtensibilityGlobals) = postSolution
		SolutionGuid = {3EBC1F53-7A10-413D-AF1A-C869B5DECDE8}
	EndGlobalSection
EndGlobal
